// !$*UTF8*$!
{
	archiveVersion = 1;
	classes = {
	};
	objectVersion = 46;
	objects = {

/* Begin PBXBuildFile section */
		7DED5F251E7856A500A6674C /* main.cpp in Sources */ = {isa = PBXBuildFile; fileRef = 7DED5F241E7856A500A6674C /* main.cpp */; };
		7DED5F361E7857C600A6674C /* MAC.cpp in Sources */ = {isa = PBXBuildFile; fileRef = 7DED5F2D1E7857C600A6674C /* MAC.cpp */; };
		7DED5F371E7857C600A6674C /* Node.cpp in Sources */ = {isa = PBXBuildFile; fileRef = 7DED5F2F1E7857C600A6674C /* Node.cpp */; };
		7DED5F381E7857C600A6674C /* PHY.cpp in Sources */ = {isa = PBXBuildFile; fileRef = 7DED5F321E7857C600A6674C /* PHY.cpp */; };
		7DED5F391E7857C600A6674C /* Simulator.cpp in Sources */ = {isa = PBXBuildFile; fileRef = 7DED5F341E7857C600A6674C /* Simulator.cpp */; };
/* End PBXBuildFile section */

/* Begin PBXCopyFilesBuildPhase section */
		7DED5F1F1E7856A500A6674C /* CopyFiles */ = {
			isa = PBXCopyFilesBuildPhase;
			buildActionMask = 2147483647;
			dstPath = /usr/share/man/man1/;
			dstSubfolderSpec = 0;
			files = (
			);
			runOnlyForDeploymentPostprocessing = 1;
		};
/* End PBXCopyFilesBuildPhase section */

/* Begin PBXFileReference section */
		7DED5F211E7856A500A6674C /* Wireless Simulator */ = {isa = PBXFileReference; explicitFileType = "compiled.mach-o.executable"; includeInIndex = 0; path = "Wireless Simulator"; sourceTree = BUILT_PRODUCTS_DIR; };
		7DED5F241E7856A500A6674C /* main.cpp */ = {isa = PBXFileReference; lastKnownFileType = sourcecode.cpp.cpp; path = main.cpp; sourceTree = "<group>"; };
		7DED5F2B1E7857C600A6674C /* Common.h */ = {isa = PBXFileReference; fileEncoding = 4; lastKnownFileType = sourcecode.c.h; path = Common.h; sourceTree = "<group>"; };
		7DED5F2C1E7857C600A6674C /* Event.h */ = {isa = PBXFileReference; fileEncoding = 4; lastKnownFileType = sourcecode.c.h; path = Event.h; sourceTree = "<group>"; };
		7DED5F2D1E7857C600A6674C /* MAC.cpp */ = {isa = PBXFileReference; fileEncoding = 4; lastKnownFileType = sourcecode.cpp.cpp; path = MAC.cpp; sourceTree = "<group>"; };
		7DED5F2E1E7857C600A6674C /* MAC.h */ = {isa = PBXFileReference; fileEncoding = 4; lastKnownFileType = sourcecode.c.h; path = MAC.h; sourceTree = "<group>"; };
		7DED5F2F1E7857C600A6674C /* Node.cpp */ = {isa = PBXFileReference; fileEncoding = 4; lastKnownFileType = sourcecode.cpp.cpp; path = Node.cpp; sourceTree = "<group>"; };
		7DED5F301E7857C600A6674C /* Node.h */ = {isa = PBXFileReference; fileEncoding = 4; lastKnownFileType = sourcecode.c.h; path = Node.h; sourceTree = "<group>"; };
		7DED5F311E7857C600A6674C /* Packet.h */ = {isa = PBXFileReference; fileEncoding = 4; lastKnownFileType = sourcecode.c.h; path = Packet.h; sourceTree = "<group>"; };
		7DED5F321E7857C600A6674C /* PHY.cpp */ = {isa = PBXFileReference; fileEncoding = 4; lastKnownFileType = sourcecode.cpp.cpp; path = PHY.cpp; sourceTree = "<group>"; };
		7DED5F331E7857C600A6674C /* PHY.h */ = {isa = PBXFileReference; fileEncoding = 4; lastKnownFileType = sourcecode.c.h; path = PHY.h; sourceTree = "<group>"; };
		7DED5F341E7857C600A6674C /* Simulator.cpp */ = {isa = PBXFileReference; fileEncoding = 4; lastKnownFileType = sourcecode.cpp.cpp; path = Simulator.cpp; sourceTree = "<group>"; };
		7DED5F351E7857C600A6674C /* Simulator.h */ = {isa = PBXFileReference; fileEncoding = 4; lastKnownFileType = sourcecode.c.h; path = Simulator.h; sourceTree = "<group>"; };
/* End PBXFileReference section */

/* Begin PBXFrameworksBuildPhase section */
		7DED5F1E1E7856A500A6674C /* Frameworks */ = {
			isa = PBXFrameworksBuildPhase;
			buildActionMask = 2147483647;
			files = (
			);
			runOnlyForDeploymentPostprocessing = 0;
		};
/* End PBXFrameworksBuildPhase section */

/* Begin PBXGroup section */
		7DED5F181E7856A500A6674C = {
			isa = PBXGroup;
			children = (
				7DED5F231E7856A500A6674C /* Wireless Simulator */,
				7DED5F221E7856A500A6674C /* Products */,
			);
			sourceTree = "<group>";
		};
		7DED5F221E7856A500A6674C /* Products */ = {
			isa = PBXGroup;
			children = (
				7DED5F211E7856A500A6674C /* Wireless Simulator */,
			);
			name = Products;
			sourceTree = "<group>";
		};
		7DED5F231E7856A500A6674C /* Wireless Simulator */ = {
			isa = PBXGroup;
			children = (
				7DED5F2D1E7857C600A6674C /* MAC.cpp */,
				7DED5F241E7856A500A6674C /* main.cpp */,
				7DED5F2F1E7857C600A6674C /* Node.cpp */,
				7DED5F321E7857C600A6674C /* PHY.cpp */,
				7DED5F341E7857C600A6674C /* Simulator.cpp */,
				7DED5F2B1E7857C600A6674C /* Common.h */,
				7DED5F2C1E7857C600A6674C /* Event.h */,
				7DED5F2E1E7857C600A6674C /* MAC.h */,
				7DED5F301E7857C600A6674C /* Node.h */,
				7DED5F311E7857C600A6674C /* Packet.h */,
				7DED5F331E7857C600A6674C /* PHY.h */,
				7DED5F351E7857C600A6674C /* Simulator.h */,
			);
			path = "Wireless Simulator";
			sourceTree = "<group>";
		};
/* End PBXGroup section */

/* Begin PBXNativeTarget section */
		7DED5F201E7856A500A6674C /* Wireless Simulator */ = {
			isa = PBXNativeTarget;
			buildConfigurationList = 7DED5F281E7856A500A6674C /* Build configuration list for PBXNativeTarget "Wireless Simulator" */;
			buildPhases = (
				7DED5F1D1E7856A500A6674C /* Sources */,
				7DED5F1E1E7856A500A6674C /* Frameworks */,
				7DED5F1F1E7856A500A6674C /* CopyFiles */,
			);
			buildRules = (
			);
			dependencies = (
			);
			name = "Wireless Simulator";
			productName = "Wireless Simulator";
			productReference = 7DED5F211E7856A500A6674C /* Wireless Simulator */;
			productType = "com.apple.product-type.tool";
		};
/* End PBXNativeTarget section */

/* Begin PBXProject section */
		7DED5F191E7856A500A6674C /* Project object */ = {
			isa = PBXProject;
			attributes = {
				LastUpgradeCheck = 0730;
				ORGANIZATIONNAME = "段荣昌";
				TargetAttributes = {
					7DED5F201E7856A500A6674C = {
						CreatedOnToolsVersion = 7.3.1;
					};
				};
			};
			buildConfigurationList = 7DED5F1C1E7856A500A6674C /* Build configuration list for PBXProject "Wireless Simulator" */;
			compatibilityVersion = "Xcode 3.2";
			developmentRegion = English;
			hasScannedForEncodings = 0;
			knownRegions = (
				en,
			);
			mainGroup = 7DED5F181E7856A500A6674C;
			productRefGroup = 7DED5F221E7856A500A6674C /* Products */;
			projectDirPath = "";
			projectRoot = "";
			targets = (
				7DED5F201E7856A500A6674C /* Wireless Simulator */,
			);
		};
/* End PBXProject section */

/* Begin PBXSourcesBuildPhase section */
		7DED5F1D1E7856A500A6674C /* Sources */ = {
			isa = PBXSourcesBuildPhase;
			buildActionMask = 2147483647;
			files = (
				7DED5F371E7857C600A6674C /* Node.cpp in Sources */,
				7DED5F381E7857C600A6674C /* PHY.cpp in Sources */,
				7DED5F251E7856A500A6674C /* main.cpp in Sources */,
				7DED5F391E7857C600A6674C /* Simulator.cpp in Sources */,
				7DED5F361E7857C600A6674C /* MAC.cpp in Sources */,
			);
			runOnlyForDeploymentPostprocessing = 0;
		};
/* End PBXSourcesBuildPhase section */

/* Begin XCBuildConfiguration section */
		7DED5F261E7856A500A6674C /* Debug */ = {
			isa = XCBuildConfiguration;
			buildSettings = {
				ALWAYS_SEARCH_USER_PATHS = NO;
				CLANG_ANALYZER_NONNULL = YES;
				CLANG_CXX_LANGUAGE_STANDARD = "gnu++0x";
				CLANG_CXX_LIBRARY = "libc++";
				CLANG_ENABLE_MODULES = YES;
				CLANG_ENABLE_OBJC_ARC = YES;
				CLANG_WARN_BOOL_CONVERSION = YES;
				CLANG_WARN_CONSTANT_CONVERSION = YES;
				CLANG_WARN_DIRECT_OBJC_ISA_USAGE = YES_ERROR;
				CLANG_WARN_EMPTY_BODY = YES;
				CLANG_WARN_ENUM_CONVERSION = YES;
				CLANG_WARN_INT_CONVERSION = YES;
				CLANG_WARN_OBJC_ROOT_CLASS = YES_ERROR;
				CLANG_WARN_UNREACHABLE_CODE = YES;
				CLANG_WARN__DUPLICATE_METHOD_MATCH = YES;
				CODE_SIGN_IDENTITY = "-";
				COPY_PHASE_STRIP = NO;
				DEBUG_INFORMATION_FORMAT = dwarf;
				ENABLE_STRICT_OBJC_MSGSEND = YES;
				ENABLE_TESTABILITY = YES;
				GCC_C_LANGUAGE_STANDARD = gnu99;
				GCC_DYNAMIC_NO_PIC = NO;
				GCC_NO_COMMON_BLOCKS = YES;
				GCC_OPTIMIZATION_LEVEL = 0;
				GCC_PREPROCESSOR_DEFINITIONS = (
					"DEBUG=1",
					"$(inherited)",
				);
				GCC_WARN_64_TO_32_BIT_CONVERSION = YES;
				GCC_WARN_ABOUT_RETURN_TYPE = YES_ERROR;
				GCC_WARN_UNDECLARED_SELECTOR = YES;
				GCC_WARN_UNINITIALIZED_AUTOS = YES_AGGRESSIVE;
				GCC_WARN_UNUSED_FUNCTION = YES;
				GCC_WARN_UNUSED_VARIABLE = YES;
				MACOSX_DEPLOYMENT_TARGET = 10.12;
				MTL_ENABLE_DEBUG_INFO = YES;
				ONLY_ACTIVE_ARCH = YES;
				SDKROOT = macosx;
			};
			name = Debug;
		};
		7DED5F271E7856A500A6674C /* Release */ = {
			isa = XCBuildConfiguration;
			buildSettings = {
				ALWAYS_SEARCH_USER_PATHS = NO;
				CLANG_ANALYZER_NONNULL = YES;
				CLANG_CXX_LANGUAGE_STANDARD = "gnu++0x";
				CLANG_CXX_LIBRARY = "libc++";
				CLANG_ENABLE_MODULES = YES;
				CLANG_ENABLE_OBJC_ARC = YES;
				CLANG_WARN_BOOL_CONVERSION = YES;
				CLANG_WARN_CONSTANT_CONVERSION = YES;
				CLANG_WARN_DIRECT_OBJC_ISA_USAGE = YES_ERROR;
				CLANG_WARN_EMPTY_BODY = YES;
				CLANG_WARN_ENUM_CONVERSION = YES;
				CLANG_WARN_INT_CONVERSION = YES;
				CLANG_WARN_OBJC_ROOT_CLASS = YES_ERROR;
				CLANG_WARN_UNREACHABLE_CODE = YES;
				CLANG_WARN__DUPLICATE_METHOD_MATCH = YES;
				CODE_SIGN_IDENTITY = "-";
				COPY_PHASE_STRIP = NO;
				DEBUG_INFORMATION_FORMAT = "dwarf-with-dsym";
				ENABLE_NS_ASSERTIONS = NO;
				ENABLE_STRICT_OBJC_MSGSEND = YES;
				GCC_C_LANGUAGE_STANDARD = gnu99;
				GCC_NO_COMMON_BLOCKS = YES;
				GCC_WARN_64_TO_32_BIT_CONVERSION = YES;
				GCC_WARN_ABOUT_RETURN_TYPE = YES_ERROR;
				GCC_WARN_UNDECLARED_SELECTOR = YES;
				GCC_WARN_UNINITIALIZED_AUTOS = YES_AGGRESSIVE;
				GCC_WARN_UNUSED_FUNCTION = YES;
				GCC_WARN_UNUSED_VARIABLE = YES;
				MACOSX_DEPLOYMENT_TARGET = 10.12;
				MTL_ENABLE_DEBUG_INFO = NO;
				SDKROOT = macosx;
			};
			name = Release;
		};
		7DED5F291E7856A500A6674C /* Debug */ = {
			isa = XCBuildConfiguration;
			buildSettings = {
				PRODUCT_NAME = "$(TARGET_NAME)";
			};
			name = Debug;
		};
		7DED5F2A1E7856A500A6674C /* Release */ = {
			isa = XCBuildConfiguration;
			buildSettings = {
				PRODUCT_NAME = "$(TARGET_NAME)";
			};
			name = Release;
		};
/* End XCBuildConfiguration section */

/* Begin XCConfigurationList section */
		7DED5F1C1E7856A500A6674C /* Build configuration list for PBXProject "Wireless Simulator" */ = {
			isa = XCConfigurationList;
			buildConfigurations = (
				7DED5F261E7856A500A6674C /* Debug */,
				7DED5F271E7856A500A6674C /* Release */,
			);
			defaultConfigurationIsVisible = 0;
			defaultConfigurationName = Release;
		};
		7DED5F281E7856A500A6674C /* Build configuration list for PBXNativeTarget "Wireless Simulator" */ = {
			isa = XCConfigurationList;
			buildConfigurations = (
				7DED5F291E7856A500A6674C /* Debug */,
				7DED5F2A1E7856A500A6674C /* Release */,
			);
			defaultConfigurationIsVisible = 0;
		};
/* End XCConfigurationList section */
	};
	rootObject = 7DED5F191E7856A500A6674C /* Project object */;
}
